{
  "name": "dtnext",
  "version": "1.0.0",
  "lockfileVersion": 1,
  "requires": true,
  "dependencies": {
    "pnpm": {
      "version": "6.17.0",
      "resolved": "https://registry.npmjs.org/pnpm/-/pnpm-6.17.0.tgz",
      "integrity": "sha512-EgwdelfAtv5ld5J9vYLqgBjPeqjjr298o9nkVW7prT8aUFLsVet2rIP8FjdTBk7ApYDldJ2HWTkmp0qGqf1ONA==",
      "dev": true
    }
  }
}
